// !$*UTF8*$!
{
	archiveVersion = 1;
	classes = {
	};
	objectVersion = 46;
	objects = {

/* Begin PBXBuildFile section */
		27455B251AD3688D004BD685 /* CreditState.cpp in Sources */ = {isa = PBXBuildFile; fileRef = 27455B231AD3688D004BD685 /* CreditState.cpp */; };
		27522A151ACA23CE002DCAF6 /* TileMap.cpp in Sources */ = {isa = PBXBuildFile; fileRef = 27522A131ACA23CE002DCAF6 /* TileMap.cpp */; };
		2767ECC51AB77F2000841A2C /* main.cpp in Sources */ = {isa = PBXBuildFile; fileRef = 2767ECC41AB77F2000841A2C /* main.cpp */; };
		2767ECCC1AB7806A00841A2C /* SDL2.framework in Frameworks */ = {isa = PBXBuildFile; fileRef = 2767ECCB1AB7806A00841A2C /* SDL2.framework */; };
		2767ECCE1AB7807900841A2C /* SDL2_image.framework in Frameworks */ = {isa = PBXBuildFile; fileRef = 2767ECCD1AB7807900841A2C /* SDL2_image.framework */; settings = {ATTRIBUTES = (Required, ); }; };
		2767ECD41AB7844200841A2C /* Game.cpp in Sources */ = {isa = PBXBuildFile; fileRef = 2767ECD21AB7844200841A2C /* Game.cpp */; };
		279394081AB83CBD003F2394 /* SDL2_mixer.framework in Frameworks */ = {isa = PBXBuildFile; fileRef = 279394071AB83CBD003F2394 /* SDL2_mixer.framework */; };
		27944BFB1AC0D58E00A05B70 /* Enemy.cpp in Sources */ = {isa = PBXBuildFile; fileRef = 27944BF91AC0D58E00A05B70 /* Enemy.cpp */; };
		27A6B1DB1ABC003A00E4092E /* SDL2_ttf.framework in Frameworks */ = {isa = PBXBuildFile; fileRef = 27A6B1DA1ABC003A00E4092E /* SDL2_ttf.framework */; };
		27D276481AB92765008CA94F /* ButtonObject.cpp in Sources */ = {isa = PBXBuildFile; fileRef = 27D276461AB92765008CA94F /* ButtonObject.cpp */; };
		27E5FC7D1AD46697009D61CA /* MapRender.cpp in Sources */ = {isa = PBXBuildFile; fileRef = 27E5FC7B1AD46697009D61CA /* MapRender.cpp */; };
		27E5FC8B1AD47C68009D61CA /* Collider2D.cpp in Sources */ = {isa = PBXBuildFile; fileRef = 27E5FC891AD47C68009D61CA /* Collider2D.cpp */; };
		27EB21F61AB79C4800FE7C64 /* InputHandler.cpp in Sources */ = {isa = PBXBuildFile; fileRef = 27EB21EB1AB79C4800FE7C64 /* InputHandler.cpp */; };
		27EB21F71AB79C4800FE7C64 /* TextureManager.cpp in Sources */ = {isa = PBXBuildFile; fileRef = 27EB21EE1AB79C4800FE7C64 /* TextureManager.cpp */; };
		27EB21F81AB79C4800FE7C64 /* tinystr.cpp in Sources */ = {isa = PBXBuildFile; fileRef = 27EB21F01AB79C4800FE7C64 /* tinystr.cpp */; };
		27EB21F91AB79C4800FE7C64 /* tinyxml.cpp in Sources */ = {isa = PBXBuildFile; fileRef = 27EB21F21AB79C4800FE7C64 /* tinyxml.cpp */; };
		27EB21FA1AB79C4800FE7C64 /* tinyxmlerror.cpp in Sources */ = {isa = PBXBuildFile; fileRef = 27EB21F41AB79C4800FE7C64 /* tinyxmlerror.cpp */; };
		27EB21FB1AB79C4800FE7C64 /* tinyxmlparser.cpp in Sources */ = {isa = PBXBuildFile; fileRef = 27EB21F51AB79C4800FE7C64 /* tinyxmlparser.cpp */; };
		27EB22031AB79EAA00FE7C64 /* PlayState.cpp in Sources */ = {isa = PBXBuildFile; fileRef = 27EB22011AB79EAA00FE7C64 /* PlayState.cpp */; };
		27EB22061AB79EB700FE7C64 /* MenuState.cpp in Sources */ = {isa = PBXBuildFile; fileRef = 27EB22041AB79EB700FE7C64 /* MenuState.cpp */; };
		27EB22091AB79EC000FE7C64 /* GameOverState.cpp in Sources */ = {isa = PBXBuildFile; fileRef = 27EB22071AB79EC000FE7C64 /* GameOverState.cpp */; };
		27EB220C1AB79EC800FE7C64 /* PauseState.cpp in Sources */ = {isa = PBXBuildFile; fileRef = 27EB220A1AB79EC800FE7C64 /* PauseState.cpp */; };
		27EB220F1AB7A09400FE7C64 /* Player.cpp in Sources */ = {isa = PBXBuildFile; fileRef = 27EB220D1AB7A09400FE7C64 /* Player.cpp */; };
		27EB22141AB7AB8D00FE7C64 /* GameStatesMachine.cpp in Sources */ = {isa = PBXBuildFile; fileRef = 27EB22121AB7AB8D00FE7C64 /* GameStatesMachine.cpp */; };
		27F144A91ACCCAA200721EE0 /* hmpObject.cpp in Sources */ = {isa = PBXBuildFile; fileRef = 27F144A71ACCCAA200721EE0 /* hmpObject.cpp */; };
		27F144AE1ACCD3AB00721EE0 /* HelpState.cpp in Sources */ = {isa = PBXBuildFile; fileRef = 27F144AC1ACCD3AB00721EE0 /* HelpState.cpp */; };
		27F144B41ACCDD8200721EE0 /* DataReader.cpp in Sources */ = {isa = PBXBuildFile; fileRef = 27F144B21ACCDD8200721EE0 /* DataReader.cpp */; };
/* End PBXBuildFile section */

/* Begin PBXCopyFilesBuildPhase section */
		2767ECBF1AB77F2000841A2C /* CopyFiles */ = {
			isa = PBXCopyFilesBuildPhase;
			buildActionMask = 2147483647;
			dstPath = /usr/share/man/man1/;
			dstSubfolderSpec = 0;
			files = (
			);
			runOnlyForDeploymentPostprocessing = 1;
		};
/* End PBXCopyFilesBuildPhase section */

/* Begin PBXFileReference section */
		27455B231AD3688D004BD685 /* CreditState.cpp */ = {isa = PBXFileReference; fileEncoding = 4; lastKnownFileType = sourcecode.cpp.cpp; path = CreditState.cpp; sourceTree = "<group>"; };
		27455B241AD3688D004BD685 /* CreditState.h */ = {isa = PBXFileReference; fileEncoding = 4; lastKnownFileType = sourcecode.c.h; path = CreditState.h; sourceTree = "<group>"; };
		27455B271AD37E25004BD685 /* tilemap_gate */ = {isa = PBXFileReference; fileEncoding = 4; lastKnownFileType = text; path = tilemap_gate; sourceTree = "<group>"; };
		27455B281AD37E39004BD685 /* tilemap_streetleft */ = {isa = PBXFileReference; fileEncoding = 4; lastKnownFileType = text; path = tilemap_streetleft; sourceTree = "<group>"; };
		27455B291AD37E4B004BD685 /* tilemap_streetright */ = {isa = PBXFileReference; fileEncoding = 4; lastKnownFileType = text; path = tilemap_streetright; sourceTree = "<group>"; };
		27455B2A1AD37E5D004BD685 /* tilemap_cafeteria */ = {isa = PBXFileReference; fileEncoding = 4; lastKnownFileType = text; path = tilemap_cafeteria; sourceTree = "<group>"; };
		27455B2B1AD37E6F004BD685 /* tilemap_classleft */ = {isa = PBXFileReference; fileEncoding = 4; lastKnownFileType = text; path = tilemap_classleft; sourceTree = "<group>"; };
		27455B2C1AD37E80004BD685 /* tilemap_classright */ = {isa = PBXFileReference; fileEncoding = 4; lastKnownFileType = text; path = tilemap_classright; sourceTree = "<group>"; };
		27455B2D1AD37EB3004BD685 /* tilemap_tree */ = {isa = PBXFileReference; fileEncoding = 4; lastKnownFileType = text; path = tilemap_tree; sourceTree = "<group>"; };
		27522A121ACA22DD002DCAF6 /* map.png */ = {isa = PBXFileReference; lastKnownFileType = image.png; path = map.png; sourceTree = "<group>"; };
		27522A131ACA23CE002DCAF6 /* TileMap.cpp */ = {isa = PBXFileReference; fileEncoding = 4; lastKnownFileType = sourcecode.cpp.cpp; path = TileMap.cpp; sourceTree = "<group>"; };
		27522A141ACA23CE002DCAF6 /* TileMap.h */ = {isa = PBXFileReference; fileEncoding = 4; lastKnownFileType = sourcecode.c.h; path = TileMap.h; sourceTree = "<group>"; };
		27522A161ACA34E5002DCAF6 /* tilemap_game */ = {isa = PBXFileReference; fileEncoding = 4; lastKnownFileType = text; path = tilemap_game; sourceTree = "<group>"; };
		27522A171ACA46BB002DCAF6 /* character.png */ = {isa = PBXFileReference; lastKnownFileType = image.png; path = character.png; sourceTree = "<group>"; };
		275863DD1AC27B07008DE04A /* Japan.mp3 */ = {isa = PBXFileReference; lastKnownFileType = audio.mp3; path = Japan.mp3; sourceTree = "<group>"; };
		275863DE1AC27B07008DE04A /* Overworld.mp3 */ = {isa = PBXFileReference; lastKnownFileType = audio.mp3; path = Overworld.mp3; sourceTree = "<group>"; };
		2767ECC11AB77F2000841A2C /* MasksGame */ = {isa = PBXFileReference; explicitFileType = "compiled.mach-o.executable"; includeInIndex = 0; path = MasksGame; sourceTree = BUILT_PRODUCTS_DIR; };
		2767ECC41AB77F2000841A2C /* main.cpp */ = {isa = PBXFileReference; lastKnownFileType = sourcecode.cpp.cpp; path = main.cpp; sourceTree = "<group>"; };
		2767ECCB1AB7806A00841A2C /* SDL2.framework */ = {isa = PBXFileReference; lastKnownFileType = wrapper.framework; name = SDL2.framework; path = ../../../../Library/Frameworks/SDL2.framework; sourceTree = "<group>"; };
		2767ECCD1AB7807900841A2C /* SDL2_image.framework */ = {isa = PBXFileReference; lastKnownFileType = wrapper.framework; name = SDL2_image.framework; path = ../../../../Library/Frameworks/SDL2_image.framework; sourceTree = "<group>"; };
		2767ECD01AB780B100841A2C /* Vector2D.h */ = {isa = PBXFileReference; fileEncoding = 4; lastKnownFileType = sourcecode.c.h; path = Vector2D.h; sourceTree = "<group>"; };
		2767ECD21AB7844200841A2C /* Game.cpp */ = {isa = PBXFileReference; fileEncoding = 4; lastKnownFileType = sourcecode.cpp.cpp; path = Game.cpp; sourceTree = "<group>"; };
		2767ECD31AB7844200841A2C /* Game.h */ = {isa = PBXFileReference; fileEncoding = 4; lastKnownFileType = sourcecode.c.h; path = Game.h; sourceTree = "<group>"; };
		2767ECD61AB7854000841A2C /* BaseObject.h */ = {isa = PBXFileReference; fileEncoding = 4; lastKnownFileType = sourcecode.c.h; path = BaseObject.h; sourceTree = "<group>"; };
		279331641AC66785005A58C2 /* text.ttf */ = {isa = PBXFileReference; lastKnownFileType = file; path = text.ttf; sourceTree = "<group>"; };
		279394071AB83CBD003F2394 /* SDL2_mixer.framework */ = {isa = PBXFileReference; lastKnownFileType = wrapper.framework; name = SDL2_mixer.framework; path = ../../../../Library/Frameworks/SDL2_mixer.framework; sourceTree = "<group>"; };
		279394091AB83F08003F2394 /* Acoustic.mp3 */ = {isa = PBXFileReference; lastKnownFileType = audio.mp3; path = Acoustic.mp3; sourceTree = "<group>"; };
		27944BF91AC0D58E00A05B70 /* Enemy.cpp */ = {isa = PBXFileReference; fileEncoding = 4; lastKnownFileType = sourcecode.cpp.cpp; path = Enemy.cpp; sourceTree = "<group>"; };
		27944BFA1AC0D58E00A05B70 /* Enemy.h */ = {isa = PBXFileReference; fileEncoding = 4; lastKnownFileType = sourcecode.c.h; path = Enemy.h; sourceTree = "<group>"; };
		27A6B1DA1ABC003A00E4092E /* SDL2_ttf.framework */ = {isa = PBXFileReference; lastKnownFileType = wrapper.framework; name = SDL2_ttf.framework; path = ../../../../Library/Frameworks/SDL2_ttf.framework; sourceTree = "<group>"; };
		27D276461AB92765008CA94F /* ButtonObject.cpp */ = {isa = PBXFileReference; fileEncoding = 4; lastKnownFileType = sourcecode.cpp.cpp; path = ButtonObject.cpp; sourceTree = "<group>"; };
		27D276471AB92765008CA94F /* ButtonObject.h */ = {isa = PBXFileReference; fileEncoding = 4; lastKnownFileType = sourcecode.c.h; path = ButtonObject.h; sourceTree = "<group>"; };
		27E5FC7B1AD46697009D61CA /* MapRender.cpp */ = {isa = PBXFileReference; fileEncoding = 4; lastKnownFileType = sourcecode.cpp.cpp; path = MapRender.cpp; sourceTree = "<group>"; };
		27E5FC7C1AD46697009D61CA /* MapRender.h */ = {isa = PBXFileReference; fileEncoding = 4; lastKnownFileType = sourcecode.c.h; path = MapRender.h; sourceTree = "<group>"; };
		27E5FC801AD478D1009D61CA /* overmap_gate */ = {isa = PBXFileReference; fileEncoding = 4; lastKnownFileType = text; path = overmap_gate; sourceTree = "<group>"; };
		27E5FC811AD478ED009D61CA /* overmap_streetleft */ = {isa = PBXFileReference; fileEncoding = 4; lastKnownFileType = text; path = overmap_streetleft; sourceTree = "<group>"; };
		27E5FC821AD4792B009D61CA /* overmap_streetright */ = {isa = PBXFileReference; fileEncoding = 4; lastKnownFileType = text; path = overmap_streetright; sourceTree = "<group>"; };
		27E5FC831AD4793F009D61CA /* overmap_cafeteria */ = {isa = PBXFileReference; fileEncoding = 4; lastKnownFileType = text; path = overmap_cafeteria; sourceTree = "<group>"; };
		27E5FC841AD4794A009D61CA /* overmap_classleft */ = {isa = PBXFileReference; fileEncoding = 4; lastKnownFileType = text; path = overmap_classleft; sourceTree = "<group>"; };
		27E5FC851AD47959009D61CA /* overmap_classright */ = {isa = PBXFileReference; fileEncoding = 4; lastKnownFileType = text; path = overmap_classright; sourceTree = "<group>"; };
		27E5FC861AD47967009D61CA /* overmap_tree */ = {isa = PBXFileReference; fileEncoding = 4; lastKnownFileType = text; path = overmap_tree; sourceTree = "<group>"; };
		27E5FC891AD47C68009D61CA /* Collider2D.cpp */ = {isa = PBXFileReference; fileEncoding = 4; lastKnownFileType = sourcecode.cpp.cpp; path = Collider2D.cpp; sourceTree = "<group>"; };
		27E5FC8A1AD47C68009D61CA /* Collider2D.h */ = {isa = PBXFileReference; fileEncoding = 4; lastKnownFileType = sourcecode.c.h; path = Collider2D.h; sourceTree = "<group>"; };
		27EB21EB1AB79C4800FE7C64 /* InputHandler.cpp */ = {isa = PBXFileReference; fileEncoding = 4; lastKnownFileType = sourcecode.cpp.cpp; path = InputHandler.cpp; sourceTree = "<group>"; };
		27EB21EC1AB79C4800FE7C64 /* InputHandler.h */ = {isa = PBXFileReference; fileEncoding = 4; lastKnownFileType = sourcecode.c.h; path = InputHandler.h; sourceTree = "<group>"; };
		27EB21EE1AB79C4800FE7C64 /* TextureManager.cpp */ = {isa = PBXFileReference; fileEncoding = 4; lastKnownFileType = sourcecode.cpp.cpp; path = TextureManager.cpp; sourceTree = "<group>"; };
		27EB21EF1AB79C4800FE7C64 /* TextureManager.h */ = {isa = PBXFileReference; fileEncoding = 4; lastKnownFileType = sourcecode.c.h; path = TextureManager.h; sourceTree = "<group>"; };
		27EB21F01AB79C4800FE7C64 /* tinystr.cpp */ = {isa = PBXFileReference; fileEncoding = 4; lastKnownFileType = sourcecode.cpp.cpp; path = tinystr.cpp; sourceTree = "<group>"; };
		27EB21F11AB79C4800FE7C64 /* tinystr.h */ = {isa = PBXFileReference; fileEncoding = 4; lastKnownFileType = sourcecode.c.h; path = tinystr.h; sourceTree = "<group>"; };
		27EB21F21AB79C4800FE7C64 /* tinyxml.cpp */ = {isa = PBXFileReference; fileEncoding = 4; lastKnownFileType = sourcecode.cpp.cpp; path = tinyxml.cpp; sourceTree = "<group>"; };
		27EB21F31AB79C4800FE7C64 /* tinyxml.h */ = {isa = PBXFileReference; fileEncoding = 4; lastKnownFileType = sourcecode.c.h; path = tinyxml.h; sourceTree = "<group>"; };
		27EB21F41AB79C4800FE7C64 /* tinyxmlerror.cpp */ = {isa = PBXFileReference; fileEncoding = 4; lastKnownFileType = sourcecode.cpp.cpp; path = tinyxmlerror.cpp; sourceTree = "<group>"; };
		27EB21F51AB79C4800FE7C64 /* tinyxmlparser.cpp */ = {isa = PBXFileReference; fileEncoding = 4; lastKnownFileType = sourcecode.cpp.cpp; path = tinyxmlparser.cpp; sourceTree = "<group>"; };
		27EB21FE1AB79E8600FE7C64 /* GameStates.h */ = {isa = PBXFileReference; fileEncoding = 4; lastKnownFileType = sourcecode.c.h; path = GameStates.h; sourceTree = "<group>"; };
		27EB22011AB79EAA00FE7C64 /* PlayState.cpp */ = {isa = PBXFileReference; fileEncoding = 4; lastKnownFileType = sourcecode.cpp.cpp; path = PlayState.cpp; sourceTree = "<group>"; };
		27EB22021AB79EAA00FE7C64 /* PlayState.h */ = {isa = PBXFileReference; fileEncoding = 4; lastKnownFileType = sourcecode.c.h; path = PlayState.h; sourceTree = "<group>"; };
		27EB22041AB79EB700FE7C64 /* MenuState.cpp */ = {isa = PBXFileReference; fileEncoding = 4; lastKnownFileType = sourcecode.cpp.cpp; path = MenuState.cpp; sourceTree = "<group>"; };
		27EB22051AB79EB700FE7C64 /* MenuState.h */ = {isa = PBXFileReference; fileEncoding = 4; lastKnownFileType = sourcecode.c.h; path = MenuState.h; sourceTree = "<group>"; };
		27EB22071AB79EC000FE7C64 /* GameOverState.cpp */ = {isa = PBXFileReference; fileEncoding = 4; lastKnownFileType = sourcecode.cpp.cpp; path = GameOverState.cpp; sourceTree = "<group>"; };
		27EB22081AB79EC000FE7C64 /* GameOverState.h */ = {isa = PBXFileReference; fileEncoding = 4; lastKnownFileType = sourcecode.c.h; path = GameOverState.h; sourceTree = "<group>"; };
		27EB220A1AB79EC800FE7C64 /* PauseState.cpp */ = {isa = PBXFileReference; fileEncoding = 4; lastKnownFileType = sourcecode.cpp.cpp; path = PauseState.cpp; sourceTree = "<group>"; };
		27EB220B1AB79EC800FE7C64 /* PauseState.h */ = {isa = PBXFileReference; fileEncoding = 4; lastKnownFileType = sourcecode.c.h; path = PauseState.h; sourceTree = "<group>"; };
		27EB220D1AB7A09400FE7C64 /* Player.cpp */ = {isa = PBXFileReference; fileEncoding = 4; lastKnownFileType = sourcecode.cpp.cpp; path = Player.cpp; sourceTree = "<group>"; };
		27EB220E1AB7A09400FE7C64 /* Player.h */ = {isa = PBXFileReference; fileEncoding = 4; lastKnownFileType = sourcecode.c.h; path = Player.h; sourceTree = "<group>"; };
		27EB22101AB7A11C00FE7C64 /* TODO */ = {isa = PBXFileReference; fileEncoding = 4; lastKnownFileType = text; path = TODO; sourceTree = "<group>"; };
		27EB22121AB7AB8D00FE7C64 /* GameStatesMachine.cpp */ = {isa = PBXFileReference; fileEncoding = 4; lastKnownFileType = sourcecode.cpp.cpp; path = GameStatesMachine.cpp; sourceTree = "<group>"; };
		27EB22131AB7AB8D00FE7C64 /* GameStatesMachine.h */ = {isa = PBXFileReference; fileEncoding = 4; lastKnownFileType = sourcecode.c.h; path = GameStatesMachine.h; sourceTree = "<group>"; };
		27F144A21ACB876D00721EE0 /* slime.png */ = {isa = PBXFileReference; lastKnownFileType = image.png; path = slime.png; sourceTree = "<group>"; };
		27F144A61ACCC64300721EE0 /* heart.png */ = {isa = PBXFileReference; lastKnownFileType = image.png; path = heart.png; sourceTree = "<group>"; };
		27F144A71ACCCAA200721EE0 /* hmpObject.cpp */ = {isa = PBXFileReference; fileEncoding = 4; lastKnownFileType = sourcecode.cpp.cpp; path = hmpObject.cpp; sourceTree = "<group>"; };
		27F144A81ACCCAA200721EE0 /* hmpObject.h */ = {isa = PBXFileReference; fileEncoding = 4; lastKnownFileType = sourcecode.c.h; path = hmpObject.h; sourceTree = "<group>"; };
		27F144AA1ACCCD6500721EE0 /* soul.png */ = {isa = PBXFileReference; lastKnownFileType = image.png; path = soul.png; sourceTree = "<group>"; };
		27F144AB1ACCCEEB00721EE0 /* data */ = {isa = PBXFileReference; fileEncoding = 4; lastKnownFileType = text; path = data; sourceTree = "<group>"; };
		27F144AC1ACCD3AB00721EE0 /* HelpState.cpp */ = {isa = PBXFileReference; fileEncoding = 4; lastKnownFileType = sourcecode.cpp.cpp; path = HelpState.cpp; sourceTree = "<group>"; };
		27F144AD1ACCD3AB00721EE0 /* HelpState.h */ = {isa = PBXFileReference; fileEncoding = 4; lastKnownFileType = sourcecode.c.h; path = HelpState.h; sourceTree = "<group>"; };
		27F144B21ACCDD8200721EE0 /* DataReader.cpp */ = {isa = PBXFileReference; fileEncoding = 4; lastKnownFileType = sourcecode.cpp.cpp; path = DataReader.cpp; sourceTree = "<group>"; };
		27F144B31ACCDD8200721EE0 /* DataReader.h */ = {isa = PBXFileReference; fileEncoding = 4; lastKnownFileType = sourcecode.c.h; path = DataReader.h; sourceTree = "<group>"; };
		27F144B51ACCE26D00721EE0 /* button.png */ = {isa = PBXFileReference; lastKnownFileType = image.png; path = button.png; sourceTree = "<group>"; };
		27F144B61ACCEEEC00721EE0 /* masks.png */ = {isa = PBXFileReference; lastKnownFileType = image.png; path = masks.png; sourceTree = "<group>"; };
/* End PBXFileReference section */

/* Begin PBXFrameworksBuildPhase section */
		2767ECBE1AB77F2000841A2C /* Frameworks */ = {
			isa = PBXFrameworksBuildPhase;
			buildActionMask = 2147483647;
			files = (
				27A6B1DB1ABC003A00E4092E /* SDL2_ttf.framework in Frameworks */,
				279394081AB83CBD003F2394 /* SDL2_mixer.framework in Frameworks */,
				2767ECCE1AB7807900841A2C /* SDL2_image.framework in Frameworks */,
				2767ECCC1AB7806A00841A2C /* SDL2.framework in Frameworks */,
			);
			runOnlyForDeploymentPostprocessing = 0;
		};
/* End PBXFrameworksBuildPhase section */

/* Begin PBXGroup section */
		2759E3151AB7F18F00FBA429 /* assests */ = {
			isa = PBXGroup;
			children = (
				27F144B61ACCEEEC00721EE0 /* masks.png */,
				27F144B51ACCE26D00721EE0 /* button.png */,
				27F144AA1ACCCD6500721EE0 /* soul.png */,
				27F144A61ACCC64300721EE0 /* heart.png */,
				27F144A21ACB876D00721EE0 /* slime.png */,
				27522A171ACA46BB002DCAF6 /* character.png */,
				27522A121ACA22DD002DCAF6 /* map.png */,
			);
			name = assests;
			sourceTree = "<group>";
		};
		2767ECB81AB77F2000841A2C = {
			isa = PBXGroup;
			children = (
				27A6B1DA1ABC003A00E4092E /* SDL2_ttf.framework */,
				279394071AB83CBD003F2394 /* SDL2_mixer.framework */,
				2767ECCD1AB7807900841A2C /* SDL2_image.framework */,
				2767ECCB1AB7806A00841A2C /* SDL2.framework */,
				2767ECC31AB77F2000841A2C /* MasksGame */,
				2767ECC21AB77F2000841A2C /* Products */,
			);
			sourceTree = "<group>";
		};
		2767ECC21AB77F2000841A2C /* Products */ = {
			isa = PBXGroup;
			children = (
				2767ECC11AB77F2000841A2C /* MasksGame */,
			);
			name = Products;
			sourceTree = "<group>";
		};
		2767ECC31AB77F2000841A2C /* MasksGame */ = {
			isa = PBXGroup;
			children = (
				27F144AB1ACCCEEB00721EE0 /* data */,
				279331641AC66785005A58C2 /* text.ttf */,
				275863DD1AC27B07008DE04A /* Japan.mp3 */,
				275863DE1AC27B07008DE04A /* Overworld.mp3 */,
				279394091AB83F08003F2394 /* Acoustic.mp3 */,
				2767ECC41AB77F2000841A2C /* main.cpp */,
				27F144B01ACCD6AC00721EE0 /* tilemaps */,
				27E5FC7F1AD478B2009D61CA /* overmaps */,
				27E5FC871AD47C38009D61CA /* helperAttachments */,
				2759E3151AB7F18F00FBA429 /* assests */,
				2767ECD81AB7854400841A2C /* GameObjects */,
				27EB22001AB79E9800FE7C64 /* GameStates */,
				27EB21FC1AB79C5100FE7C64 /* tinyxml */,
				2767ECD21AB7844200841A2C /* Game.cpp */,
				2767ECD31AB7844200841A2C /* Game.h */,
				2767ECD01AB780B100841A2C /* Vector2D.h */,
				27EB21EB1AB79C4800FE7C64 /* InputHandler.cpp */,
				27EB21EC1AB79C4800FE7C64 /* InputHandler.h */,
				27EB21EE1AB79C4800FE7C64 /* TextureManager.cpp */,
				27EB21EF1AB79C4800FE7C64 /* TextureManager.h */,
				27522A131ACA23CE002DCAF6 /* TileMap.cpp */,
				27522A141ACA23CE002DCAF6 /* TileMap.h */,
				27E5FC7B1AD46697009D61CA /* MapRender.cpp */,
				27E5FC7C1AD46697009D61CA /* MapRender.h */,
				27F144B21ACCDD8200721EE0 /* DataReader.cpp */,
				27F144B31ACCDD8200721EE0 /* DataReader.h */,
				27EB22101AB7A11C00FE7C64 /* TODO */,
			);
			path = MasksGame;
			sourceTree = "<group>";
		};
		2767ECD81AB7854400841A2C /* GameObjects */ = {
			isa = PBXGroup;
			children = (
				2767ECD61AB7854000841A2C /* BaseObject.h */,
				27EB220D1AB7A09400FE7C64 /* Player.cpp */,
				27EB220E1AB7A09400FE7C64 /* Player.h */,
				27944BF91AC0D58E00A05B70 /* Enemy.cpp */,
				27944BFA1AC0D58E00A05B70 /* Enemy.h */,
				27D276461AB92765008CA94F /* ButtonObject.cpp */,
				27D276471AB92765008CA94F /* ButtonObject.h */,
				27F144A71ACCCAA200721EE0 /* hmpObject.cpp */,
				27F144A81ACCCAA200721EE0 /* hmpObject.h */,
			);
			name = GameObjects;
			sourceTree = "<group>";
		};
		27E5FC7F1AD478B2009D61CA /* overmaps */ = {
			isa = PBXGroup;
			children = (
				27E5FC801AD478D1009D61CA /* overmap_gate */,
				27E5FC811AD478ED009D61CA /* overmap_streetleft */,
				27E5FC821AD4792B009D61CA /* overmap_streetright */,
				27E5FC831AD4793F009D61CA /* overmap_cafeteria */,
				27E5FC841AD4794A009D61CA /* overmap_classleft */,
				27E5FC851AD47959009D61CA /* overmap_classright */,
				27E5FC861AD47967009D61CA /* overmap_tree */,
			);
			name = overmaps;
			sourceTree = "<group>";
		};
		27E5FC871AD47C38009D61CA /* helperAttachments */ = {
			isa = PBXGroup;
			children = (
				27E5FC891AD47C68009D61CA /* Collider2D.cpp */,
				27E5FC8A1AD47C68009D61CA /* Collider2D.h */,
			);
			name = helperAttachments;
			sourceTree = "<group>";
		};
		27EB21FC1AB79C5100FE7C64 /* tinyxml */ = {
			isa = PBXGroup;
			children = (
				27EB21F01AB79C4800FE7C64 /* tinystr.cpp */,
				27EB21F11AB79C4800FE7C64 /* tinystr.h */,
				27EB21F21AB79C4800FE7C64 /* tinyxml.cpp */,
				27EB21F31AB79C4800FE7C64 /* tinyxml.h */,
				27EB21F41AB79C4800FE7C64 /* tinyxmlerror.cpp */,
				27EB21F51AB79C4800FE7C64 /* tinyxmlparser.cpp */,
			);
			name = tinyxml;
			sourceTree = "<group>";
		};
		27EB22001AB79E9800FE7C64 /* GameStates */ = {
			isa = PBXGroup;
			children = (
				27EB22131AB7AB8D00FE7C64 /* GameStatesMachine.h */,
				27EB22121AB7AB8D00FE7C64 /* GameStatesMachine.cpp */,
				27EB21FE1AB79E8600FE7C64 /* GameStates.h */,
				27EB22051AB79EB700FE7C64 /* MenuState.h */,
				27EB22041AB79EB700FE7C64 /* MenuState.cpp */,
				27F144AC1ACCD3AB00721EE0 /* HelpState.cpp */,
				27F144AD1ACCD3AB00721EE0 /* HelpState.h */,
				27455B231AD3688D004BD685 /* CreditState.cpp */,
				27455B241AD3688D004BD685 /* CreditState.h */,
				27EB22021AB79EAA00FE7C64 /* PlayState.h */,
				27EB22011AB79EAA00FE7C64 /* PlayState.cpp */,
				27EB220B1AB79EC800FE7C64 /* PauseState.h */,
				27EB220A1AB79EC800FE7C64 /* PauseState.cpp */,
				27EB22081AB79EC000FE7C64 /* GameOverState.h */,
				27EB22071AB79EC000FE7C64 /* GameOverState.cpp */,
			);
			name = GameStates;
			sourceTree = "<group>";
		};
		27F144B01ACCD6AC00721EE0 /* tilemaps */ = {
			isa = PBXGroup;
			children = (
				27522A161ACA34E5002DCAF6 /* tilemap_game */,
				27455B271AD37E25004BD685 /* tilemap_gate */,
				27455B281AD37E39004BD685 /* tilemap_streetleft */,
				27455B291AD37E4B004BD685 /* tilemap_streetright */,
				27455B2A1AD37E5D004BD685 /* tilemap_cafeteria */,
				27455B2B1AD37E6F004BD685 /* tilemap_classleft */,
				27455B2C1AD37E80004BD685 /* tilemap_classright */,
				27455B2D1AD37EB3004BD685 /* tilemap_tree */,
			);
			name = tilemaps;
			sourceTree = "<group>";
		};
/* End PBXGroup section */

/* Begin PBXNativeTarget section */
		2767ECC01AB77F2000841A2C /* MasksGame */ = {
			isa = PBXNativeTarget;
			buildConfigurationList = 2767ECC81AB77F2000841A2C /* Build configuration list for PBXNativeTarget "MasksGame" */;
			buildPhases = (
				2767ECBD1AB77F2000841A2C /* Sources */,
				2767ECBE1AB77F2000841A2C /* Frameworks */,
				2767ECBF1AB77F2000841A2C /* CopyFiles */,
			);
			buildRules = (
			);
			dependencies = (
			);
			name = MasksGame;
			productName = MasksGame;
			productReference = 2767ECC11AB77F2000841A2C /* MasksGame */;
			productType = "com.apple.product-type.tool";
		};
/* End PBXNativeTarget section */

/* Begin PBXProject section */
		2767ECB91AB77F2000841A2C /* Project object */ = {
			isa = PBXProject;
			attributes = {
				LastUpgradeCheck = 0620;
				ORGANIZATIONNAME = "Charles Kwang";
				TargetAttributes = {
					2767ECC01AB77F2000841A2C = {
						CreatedOnToolsVersion = 6.2;
					};
				};
			};
			buildConfigurationList = 2767ECBC1AB77F2000841A2C /* Build configuration list for PBXProject "MasksGame" */;
			compatibilityVersion = "Xcode 3.2";
			developmentRegion = English;
			hasScannedForEncodings = 0;
			knownRegions = (
				en,
			);
			mainGroup = 2767ECB81AB77F2000841A2C;
			productRefGroup = 2767ECC21AB77F2000841A2C /* Products */;
			projectDirPath = "";
			projectRoot = "";
			targets = (
				2767ECC01AB77F2000841A2C /* MasksGame */,
			);
		};
/* End PBXProject section */

/* Begin PBXSourcesBuildPhase section */
		2767ECBD1AB77F2000841A2C /* Sources */ = {
			isa = PBXSourcesBuildPhase;
			buildActionMask = 2147483647;
			files = (
				27EB21FA1AB79C4800FE7C64 /* tinyxmlerror.cpp in Sources */,
				27EB21FB1AB79C4800FE7C64 /* tinyxmlparser.cpp in Sources */,
				2767ECD41AB7844200841A2C /* Game.cpp in Sources */,
				27F144AE1ACCD3AB00721EE0 /* HelpState.cpp in Sources */,
				27EB22141AB7AB8D00FE7C64 /* GameStatesMachine.cpp in Sources */,
				27EB21F81AB79C4800FE7C64 /* tinystr.cpp in Sources */,
				27EB22061AB79EB700FE7C64 /* MenuState.cpp in Sources */,
				27EB22091AB79EC000FE7C64 /* GameOverState.cpp in Sources */,
				27E5FC7D1AD46697009D61CA /* MapRender.cpp in Sources */,
				27F144B41ACCDD8200721EE0 /* DataReader.cpp in Sources */,
				27EB22031AB79EAA00FE7C64 /* PlayState.cpp in Sources */,
				2767ECC51AB77F2000841A2C /* main.cpp in Sources */,
				27EB220F1AB7A09400FE7C64 /* Player.cpp in Sources */,
				27F144A91ACCCAA200721EE0 /* hmpObject.cpp in Sources */,
				27E5FC8B1AD47C68009D61CA /* Collider2D.cpp in Sources */,
				27455B251AD3688D004BD685 /* CreditState.cpp in Sources */,
				27EB21F91AB79C4800FE7C64 /* tinyxml.cpp in Sources */,
				27944BFB1AC0D58E00A05B70 /* Enemy.cpp in Sources */,
				27522A151ACA23CE002DCAF6 /* TileMap.cpp in Sources */,
				27D276481AB92765008CA94F /* ButtonObject.cpp in Sources */,
				27EB21F61AB79C4800FE7C64 /* InputHandler.cpp in Sources */,
				27EB21F71AB79C4800FE7C64 /* TextureManager.cpp in Sources */,
				27EB220C1AB79EC800FE7C64 /* PauseState.cpp in Sources */,
			);
			runOnlyForDeploymentPostprocessing = 0;
		};
/* End PBXSourcesBuildPhase section */

/* Begin XCBuildConfiguration section */
		2767ECC61AB77F2000841A2C /* Debug */ = {
			isa = XCBuildConfiguration;
			buildSettings = {
				ALWAYS_SEARCH_USER_PATHS = NO;
				CLANG_CXX_LANGUAGE_STANDARD = "gnu++0x";
				CLANG_CXX_LIBRARY = "libc++";
				CLANG_ENABLE_MODULES = YES;
				CLANG_ENABLE_OBJC_ARC = YES;
				CLANG_WARN_BOOL_CONVERSION = YES;
				CLANG_WARN_CONSTANT_CONVERSION = YES;
				CLANG_WARN_DIRECT_OBJC_ISA_USAGE = YES_ERROR;
				CLANG_WARN_EMPTY_BODY = YES;
				CLANG_WARN_ENUM_CONVERSION = YES;
				CLANG_WARN_INT_CONVERSION = YES;
				CLANG_WARN_OBJC_ROOT_CLASS = YES_ERROR;
				CLANG_WARN_UNREACHABLE_CODE = YES;
				CLANG_WARN__DUPLICATE_METHOD_MATCH = YES;
				COPY_PHASE_STRIP = NO;
				ENABLE_STRICT_OBJC_MSGSEND = YES;
				GCC_C_LANGUAGE_STANDARD = gnu99;
				GCC_DYNAMIC_NO_PIC = NO;
				GCC_OPTIMIZATION_LEVEL = 0;
				GCC_PREPROCESSOR_DEFINITIONS = (
					"DEBUG=1",
					"$(inherited)",
				);
				GCC_SYMBOLS_PRIVATE_EXTERN = NO;
				GCC_WARN_64_TO_32_BIT_CONVERSION = YES;
				GCC_WARN_ABOUT_RETURN_TYPE = YES_ERROR;
				GCC_WARN_UNDECLARED_SELECTOR = YES;
				GCC_WARN_UNINITIALIZED_AUTOS = YES_AGGRESSIVE;
				GCC_WARN_UNUSED_FUNCTION = YES;
				GCC_WARN_UNUSED_VARIABLE = YES;
				MACOSX_DEPLOYMENT_TARGET = 10.10;
				MTL_ENABLE_DEBUG_INFO = YES;
				ONLY_ACTIVE_ARCH = YES;
				SDKROOT = macosx;
			};
			name = Debug;
		};
		2767ECC71AB77F2000841A2C /* Release */ = {
			isa = XCBuildConfiguration;
			buildSettings = {
				ALWAYS_SEARCH_USER_PATHS = NO;
				CLANG_CXX_LANGUAGE_STANDARD = "gnu++0x";
				CLANG_CXX_LIBRARY = "libc++";
				CLANG_ENABLE_MODULES = YES;
				CLANG_ENABLE_OBJC_ARC = YES;
				CLANG_WARN_BOOL_CONVERSION = YES;
				CLANG_WARN_CONSTANT_CONVERSION = YES;
				CLANG_WARN_DIRECT_OBJC_ISA_USAGE = YES_ERROR;
				CLANG_WARN_EMPTY_BODY = YES;
				CLANG_WARN_ENUM_CONVERSION = YES;
				CLANG_WARN_INT_CONVERSION = YES;
				CLANG_WARN_OBJC_ROOT_CLASS = YES_ERROR;
				CLANG_WARN_UNREACHABLE_CODE = YES;
				CLANG_WARN__DUPLICATE_METHOD_MATCH = YES;
				COPY_PHASE_STRIP = NO;
				DEBUG_INFORMATION_FORMAT = "dwarf-with-dsym";
				ENABLE_NS_ASSERTIONS = NO;
				ENABLE_STRICT_OBJC_MSGSEND = YES;
				GCC_C_LANGUAGE_STANDARD = gnu99;
				GCC_WARN_64_TO_32_BIT_CONVERSION = YES;
				GCC_WARN_ABOUT_RETURN_TYPE = YES_ERROR;
				GCC_WARN_UNDECLARED_SELECTOR = YES;
				GCC_WARN_UNINITIALIZED_AUTOS = YES_AGGRESSIVE;
				GCC_WARN_UNUSED_FUNCTION = YES;
				GCC_WARN_UNUSED_VARIABLE = YES;
				MACOSX_DEPLOYMENT_TARGET = 10.10;
				MTL_ENABLE_DEBUG_INFO = NO;
				SDKROOT = macosx;
			};
			name = Release;
		};
		2767ECC91AB77F2000841A2C /* Debug */ = {
			isa = XCBuildConfiguration;
			buildSettings = {
				CLANG_CXX_LANGUAGE_STANDARD = "gnu++0x";
				FRAMEWORK_SEARCH_PATHS = (
					"$(inherited)",
					"$(LOCAL_LIBRARY_DIR)/Frameworks",
				);
				PRODUCT_NAME = "$(TARGET_NAME)";
			};
			name = Debug;
		};
		2767ECCA1AB77F2000841A2C /* Release */ = {
			isa = XCBuildConfiguration;
			buildSettings = {
				CLANG_CXX_LANGUAGE_STANDARD = "gnu++0x";
				FRAMEWORK_SEARCH_PATHS = (
					"$(inherited)",
					"$(LOCAL_LIBRARY_DIR)/Frameworks",
				);
				PRODUCT_NAME = "$(TARGET_NAME)";
			};
			name = Release;
		};
/* End XCBuildConfiguration section */

/* Begin XCConfigurationList section */
		2767ECBC1AB77F2000841A2C /* Build configuration list for PBXProject "MasksGame" */ = {
			isa = XCConfigurationList;
			buildConfigurations = (
				2767ECC61AB77F2000841A2C /* Debug */,
				2767ECC71AB77F2000841A2C /* Release */,
			);
			defaultConfigurationIsVisible = 0;
			defaultConfigurationName = Release;
		};
		2767ECC81AB77F2000841A2C /* Build configuration list for PBXNativeTarget "MasksGame" */ = {
			isa = XCConfigurationList;
			buildConfigurations = (
				2767ECC91AB77F2000841A2C /* Debug */,
				2767ECCA1AB77F2000841A2C /* Release */,
			);
			defaultConfigurationIsVisible = 0;
			defaultConfigurationName = Release;
		};
/* End XCConfigurationList section */
	};
	rootObject = 2767ECB91AB77F2000841A2C /* Project object */;
}
